
Microsoft Visual Studio Solution File, Format Version 12.00
# Visual Studio Version 17
VisualStudioVersion = 17.0.31903.59
MinimumVisualStudioVersion = 10.0.40219.1
Project("{2150E333-8FDC-42A3-9474-1A3956D46DE8}") = "src", "src", "{6F059976-D607-4A80-8A90-24E85C915EC1}"
EndProject
Project("{FAE04EC0-301F-11D3-BF4B-00C04F79EFBC}") = "AlexDirectorConsole.V2.Database", "src\database\AlexDirectorConsole.V2.Database.csproj", "{C0334F68-1C44-4EBD-81A7-4354DAC6B54E}"
EndProject
Project("{2150E333-8FDC-42A3-9474-1A3956D46DE8}") = "backend", "backend", "{A2F3AC09-9C44-4B32-BAF7-F5D6185193A0}"
EndProject
Project("{FAE04EC0-301F-11D3-BF4B-00C04F79EFBC}") = "AlexDirectorConsole.V2.Api", "src\backend\AlexDirectorConsole.V2.Api\AlexDirectorConsole.V2.Api.csproj", "{E6D8A6C7-503A-4DCC-860B-BD0C5CEE7398}"
EndProject
Project("{FAE04EC0-301F-11D3-BF4B-00C04F79EFBC}") = "AlexDirectorConsole.V2.Api.Tests", "src\backend\AlexDirectorConsole.V2.Api.Tests\AlexDirectorConsole.V2.Api.Tests.csproj", "{C54A9C88-2259-4E73-9642-91371CD451C0}"
EndProject
Global
	GlobalSection(SolutionConfigurationPlatforms) = preSolution
		Debug|Any CPU = Debug|Any CPU
		Release|Any CPU = Release|Any CPU
	EndGlobalSection
	GlobalSection(SolutionProperties) = preSolution
		HideSolutionNode = FALSE
	EndGlobalSection
	GlobalSection(ProjectConfigurationPlatforms) = postSolution
		{C0334F68-1C44-4EBD-81A7-4354DAC6B54E}.Debug|Any CPU.ActiveCfg = Debug|Any CPU
		{C0334F68-1C44-4EBD-81A7-4354DAC6B54E}.Debug|Any CPU.Build.0 = Debug|Any CPU
		{C0334F68-1C44-4EBD-81A7-4354DAC6B54E}.Release|Any CPU.ActiveCfg = Release|Any CPU
		{C0334F68-1C44-4EBD-81A7-4354DAC6B54E}.Release|Any CPU.Build.0 = Release|Any CPU
		{E6D8A6C7-503A-4DCC-860B-BD0C5CEE7398}.Debug|Any CPU.ActiveCfg = Debug|Any CPU
		{E6D8A6C7-503A-4DCC-860B-BD0C5CEE7398}.Debug|Any CPU.Build.0 = Debug|Any CPU
		{E6D8A6C7-503A-4DCC-860B-BD0C5CEE7398}.Release|Any CPU.ActiveCfg = Release|Any CPU
		{E6D8A6C7-503A-4DCC-860B-BD0C5CEE7398}.Release|Any CPU.Build.0 = Release|Any CPU
		{C54A9C88-2259-4E73-9642-91371CD451C0}.Debug|Any CPU.ActiveCfg = Debug|Any CPU
		{C54A9C88-2259-4E73-9642-91371CD451C0}.Debug|Any CPU.Build.0 = Debug|Any CPU
		{C54A9C88-2259-4E73-9642-91371CD451C0}.Release|Any CPU.ActiveCfg = Release|Any CPU
		{C54A9C88-2259-4E73-9642-91371CD451C0}.Release|Any CPU.Build.0 = Release|Any CPU
	EndGlobalSection
	GlobalSection(NestedProjects) = preSolution
		{C0334F68-1C44-4EBD-81A7-4354DAC6B54E} = {6F059976-D607-4A80-8A90-24E85C915EC1}
		{A2F3AC09-9C44-4B32-BAF7-F5D6185193A0} = {6F059976-D607-4A80-8A90-24E85C915EC1}
		{E6D8A6C7-503A-4DCC-860B-BD0C5CEE7398} = {A2F3AC09-9C44-4B32-BAF7-F5D6185193A0}
		{C54A9C88-2259-4E73-9642-91371CD451C0} = {A2F3AC09-9C44-4B32-BAF7-F5D6185193A0}
	EndGlobalSection
EndGlobal
